
Microsoft Visual Studio Solution File, Format Version 12.00
# Visual Studio 15
VisualStudioVersion = 15.0.28307.779
MinimumVisualStudioVersion = 10.0.40219.1
Project("{FAE04EC0-301F-11D3-BF4B-00C04F79EFBC}") = "WS_TEST", "WS_TEST\WS_TEST.csproj", "{7172970A-D1A6-4866-AECE-0D2C8B8DCC81}"
EndProject
Project("{FAE04EC0-301F-11D3-BF4B-00C04F79EFBC}") = "ClaseDatos", "ClaseDatos\ClaseDatos.csproj", "{9F039CA1-FB2B-46EC-97A1-ECF801733A48}"
EndProject
Global
	GlobalSection(SolutionConfigurationPlatforms) = preSolution
		Debug|Any CPU = Debug|Any CPU
		Release|Any CPU = Release|Any CPU
	EndGlobalSection
	GlobalSection(ProjectConfigurationPlatforms) = postSolution
		{7172970A-D1A6-4866-AECE-0D2C8B8DCC81}.Debug|Any CPU.ActiveCfg = Debug|Any CPU
		{7172970A-D1A6-4866-AECE-0D2C8B8DCC81}.Debug|Any CPU.Build.0 = Debug|Any CPU
		{7172970A-D1A6-4866-AECE-0D2C8B8DCC81}.Release|Any CPU.ActiveCfg = Release|Any CPU
		{7172970A-D1A6-4866-AECE-0D2C8B8DCC81}.Release|Any CPU.Build.0 = Release|Any CPU
		{9F039CA1-FB2B-46EC-97A1-ECF801733A48}.Debug|Any CPU.ActiveCfg = Debug|Any CPU
		{9F039CA1-FB2B-46EC-97A1-ECF801733A48}.Debug|Any CPU.Build.0 = Debug|Any CPU
		{9F039CA1-FB2B-46EC-97A1-ECF801733A48}.Release|Any CPU.ActiveCfg = Release|Any CPU
		{9F039CA1-FB2B-46EC-97A1-ECF801733A48}.Release|Any CPU.Build.0 = Release|Any CPU
	EndGlobalSection
	GlobalSection(SolutionProperties) = preSolution
		HideSolutionNode = FALSE
	EndGlobalSection
	GlobalSection(ExtensibilityGlobals) = postSolution
		SolutionGuid = {B0B869DD-AACD-48EA-90D9-9FCD14415141}
	EndGlobalSection
EndGlobal
